# THIS IS AN AUTOGENERATED FILE. DO NOT EDIT THIS FILE DIRECTLY.
# yarn lockfile v1


parse-markdown-metadata@^1.0.8:
  version "1.0.8"
  resolved "https://registry.yarnpkg.com/parse-markdown-metadata/-/parse-markdown-metadata-1.0.8.tgz#0a5f6125b1ce82290a1fa494266b04f20b5b786a"
  integrity sha512-NtL8qQs1KLzZKmROg/jtbpRDdJT6J6R+a5c+43UId1LH1bVix13YRkFL4lsJCCNbQ0i8svwHp3tJlWJw5qiZlA==
